version: 7
platforms:
- name: osx-arm64
  virtual-packages:
  - __unix=0=0
  - __osx=13.0
  - __archspec=0=m1
environments:
  default:
    channels:
    - url: https://conda.anaconda.org/conda-forge/
    packages:
      osx-arm64:
      - conda: https://conda.anaconda.org/conda-forge/noarch/appdirs-1.4.4-pyhd8ed1ab_1.conda
      - conda: https://conda.anaconda.org/conda-forge/noarch/ca-certificates-2026.7.22-hbd8a1cb_0.conda
      - conda: https://conda.anaconda.org/conda-forge/noarch/cpython-3.11.16-py311hd8ed1ab_0.conda
      - conda: https://conda.anaconda.org/conda-forge/noarch/filelock-3.32.4-pyhd8ed1ab_0.conda
      - conda: https://conda.anaconda.org/conda-forge/noarch/fsspec-2026.7.0-pyhd8ed1ab_0.conda
      - conda: https://conda.anaconda.org/conda-forge/noarch/jinja2-3.1.6-pyhcf101f3_1.conda
      - conda: https://conda.anaconda.org/conda-forge/noarch/joblib-1.5.3-pyhd8ed1ab_0.conda
      - conda: https://conda.anaconda.org/conda-forge/noarch/mpmath-1.4.1-pyhd8ed1ab_0.conda
      - conda: https://conda.anaconda.org/conda-forge/noarch/narwhals-2.25.0-pyhcf101f3_0.conda
      - conda: https://conda.anaconda.org/conda-forge/noarch/networkx-3.6.1-pyhcf101f3_0.conda
      - conda: https://conda.anaconda.org/conda-forge/noarch/nomkl-1.0-h5ca1d4c_0.tar.bz2
      - conda: https://conda.anaconda.org/conda-forge/noarch/pybind11-2.13.6-pyhc790b64_3.conda
      - conda: https://conda.anaconda.org/conda-forge/noarch/pybind11-abi-4-hd8ed1ab_3.tar.bz2
      - conda: https://conda.anaconda.org/conda-forge/noarch/pybind11-global-2.13.6-pyh217bc35_3.conda
      - conda: https://conda.anaconda.org/conda-forge/noarch/python-dateutil-2.9.0.post0-pyhe01879c_2.conda
      - conda: https://conda.anaconda.org/conda-forge/noarch/python-tzdata-2026.3-pyhd8ed1ab_0.conda
      - conda: https://conda.anaconda.org/conda-forge/noarch/python_abi-3.11-8_cp311.conda
      - conda: https://conda.anaconda.org/conda-forge/noarch/pytz-2026.3.post1-pyhcf101f3_0.conda
      - conda: https://conda.anaconda.org/conda-forge/noarch/setuptools-84.0.0-pyh332efcf_0.conda
      - conda: https://conda.anaconda.org/conda-forge/noarch/six-1.17.0-pyhe01879c_1.conda
      - conda: https://conda.anaconda.org/conda-forge/noarch/sympy-1.14.0-pyh2585a3b_106.conda
      - conda: https://conda.anaconda.org/conda-forge/noarch/threadpoolctl-3.6.0-pyhecae5ae_0.conda
      - conda: https://conda.anaconda.org/conda-forge/noarch/tqdm-4.70.0-pyh8f84b5b_0.conda
      - conda: https://conda.anaconda.org/conda-forge/noarch/typing-extensions-4.16.0-h69aa097_0.conda
      - conda: https://conda.anaconda.org/conda-forge/noarch/typing_extensions-4.16.0-pyhcf101f3_0.conda
      - conda: https://conda.anaconda.org/conda-forge/noarch/tzdata-2026c-h151e31d_0.conda
      - conda: https://conda.anaconda.org/conda-forge/osx-arm64/_openmp_mutex-4.5-7_kmp_llvm.conda
      - conda: https://conda.anaconda.org/conda-forge/osx-arm64/bzip2-1.0.8-h4e30115_10.conda
      - conda: https://conda.anaconda.org/conda-forge/osx-arm64/gmp-6.3.0-hf5e55b1_3.conda
      - conda: https://conda.anaconda.org/conda-forge/osx-arm64/gmpy2-2.3.1-py311h10c933f_0.conda
      - conda: https://conda.anaconda.org/conda-forge/osx-arm64/icu-78.3-py310h579977c_2.conda
      - conda: https://conda.anaconda.org/conda-forge/osx-arm64/libabseil-20250512.1-cxx17_hd41c47c_0.conda
      - conda: https://conda.anaconda.org/conda-forge/osx-arm64/libblas-3.11.0-9_h51639a9_openblas.conda
      - conda: https://conda.anaconda.org/conda-forge/osx-arm64/libcblas-3.11.0-9_hb0561ab_openblas.conda
      - conda: https://conda.anaconda.org/conda-forge/osx-arm64/libcxx-23.1.0-h55c6f16_0.conda
      - conda: https://conda.anaconda.org/conda-forge/osx-arm64/libexpat-2.8.1-hf6b4638_1.conda
      - conda: https://conda.anaconda.org/conda-forge/osx-arm64/libffi-3.7.0-hcf2aa1b_0.conda
      - conda: https://conda.anaconda.org/conda-forge/osx-arm64/libgcc-16.2.0-h3cf6597_4.conda
      - conda: https://conda.anaconda.org/conda-forge/osx-arm64/libgfortran-16.2.0-h07b0088_4.conda
      - conda: https://conda.anaconda.org/conda-forge/osx-arm64/libgfortran5-16.2.0-hdb7a957_4.conda
      - conda: https://conda.anaconda.org/conda-forge/osx-arm64/liblapack-3.11.0-9_hd9741b5_openblas.conda
      - conda: https://conda.anaconda.org/conda-forge/osx-arm64/liblzma-5.8.3-h8088a28_1.conda
      - conda: https://conda.anaconda.org/conda-forge/osx-arm64/libopenblas-0.3.34-openmp_he657e61_0.conda
      - conda: https://conda.anaconda.org/conda-forge/osx-arm64/libprotobuf-6.31.1-h29102cf_5.conda
      - conda: https://conda.anaconda.org/conda-forge/osx-arm64/libsqlite-3.53.4-hca69786_1.conda
      - conda: https://conda.anaconda.org/conda-forge/osx-arm64/libtorch-2.8.0-cpu_generic_h0fc8bc6_2.conda
      - conda: https://conda.anaconda.org/conda-forge/osx-arm64/libuv-1.52.1-h1a92334_1.conda
      - conda: https://conda.anaconda.org/conda-forge/osx-arm64/libzlib-1.3.2-h8088a28_3.conda
      - conda: https://conda.anaconda.org/conda-forge/osx-arm64/llvm-openmp-23.1.0-hdb3d66b_0.conda
      - conda: https://conda.anaconda.org/conda-forge/osx-arm64/markupsafe-3.0.3-py311hc290fe0_1.conda
      - conda: https://conda.anaconda.org/conda-forge/osx-arm64/mpc-1.4.0-h071a35a_1.conda
      - conda: https://conda.anaconda.org/conda-forge/osx-arm64/mpfr-4.2.2-h72846b0_1.conda
      - conda: https://conda.anaconda.org/conda-forge/osx-arm64/ncurses-6.6-he64c551_1.conda
      - conda: https://conda.anaconda.org/conda-forge/osx-arm64/numpy-1.26.4-py311h7125741_0.conda
      - conda: https://conda.anaconda.org/conda-forge/osx-arm64/openssl-3.6.4-h55eecbc_0.conda
      - conda: https://conda.anaconda.org/conda-forge/osx-arm64/optree-0.20.0-py311h8a04803_0.conda
      - conda: https://conda.anaconda.org/conda-forge/osx-arm64/pandas-2.3.3-py311hdb8e4fa_2.conda
      - conda: https://conda.anaconda.org/conda-forge/osx-arm64/python-3.11.16-hd1323d7_0_cpython.conda
      - conda: https://conda.anaconda.org/conda-forge/osx-arm64/pytorch-2.8.0-cpu_generic_py311_hf0c13c8_2.conda
      - conda: https://conda.anaconda.org/conda-forge/osx-arm64/pyyaml-6.0.3-py311hc290fe0_1.conda
      - conda: https://conda.anaconda.org/conda-forge/osx-arm64/readline-8.3-h8b90a29_1.conda
      - conda: https://conda.anaconda.org/conda-forge/osx-arm64/scikit-learn-1.9.0-np2py311hf1dd2ad_0.conda
      - conda: https://conda.anaconda.org/conda-forge/osx-arm64/scipy-1.17.1-py311h9a58382_1.conda
      - conda: https://conda.anaconda.org/conda-forge/osx-arm64/sleef-3.9.0-hb028509_0.conda
      - conda: https://conda.anaconda.org/conda-forge/osx-arm64/tk-8.6.13-hbeba79b_4.conda
      - conda: https://conda.anaconda.org/conda-forge/osx-arm64/yaml-0.2.5-h74c22ad_3.conda
packages:
- conda: https://conda.anaconda.org/conda-forge/noarch/appdirs-1.4.4-pyhd8ed1ab_1.conda
  sha256: 5b9ef6d338525b332e17c3ed089ca2f53a5d74b7a7b432747d29c6466e39346d
  md5: f4e90937bbfc3a4a92539545a37bb448
  depends:
  - python >=3.9
  license: MIT
  license_family: MIT
  purls:
  - pkg:pypi/appdirs?source=hash-mapping
  run_exports: {}
  size: 14835
  timestamp: 1733754069532
- conda: https://conda.anaconda.org/conda-forge/noarch/ca-certificates-2026.7.22-hbd8a1cb_0.conda
  sha256: 0a0544cf95f64394fe4959286f5c71f5444ad58feb0602e53becb27448d24da6
  md5: 0f51e2391ade309db462a55611263e9c
  depends:
  - __unix
  license: ISC
  purls: []
  run_exports: {}
  size: 131780
  timestamp: 1784754889428
- conda: https://conda.anaconda.org/conda-forge/noarch/cpython-3.11.16-py311hd8ed1ab_0.conda
  noarch: generic
  sha256: ae42a3500fb50a7a0400fa9b1a2e794b41cfba38a34e62d6ac0ac784e6549209
  md5: 32c3f55c8f5e2e4e1f7f474b1572b6c6
  depends:
  - python >=3.11,<3.12.0a0
  - python_abi * *_cp311
  license: Python-2.0
  purls: []
  run_exports: {}
  size: 47589
  timestamp: 1787351871305
- conda: https://conda.anaconda.org/conda-forge/noarch/filelock-3.32.4-pyhd8ed1ab_0.conda
  sha256: c2c2527101fea8d2fbae3883d3328a4cd225e8fc3f133b49504acb7a8cecf6fe
  md5: 0171dc5d54fdbb3f6e55f285f805e0fe
  depends:
  - python >=3.10
  license: Unlicense
  purls:
  - pkg:pypi/filelock?source=compressed-mapping
  run_exports: {}
  size: 78622
  timestamp: 1787521663311
- conda: https://conda.anaconda.org/conda-forge/noarch/fsspec-2026.7.0-pyhd8ed1ab_0.conda
  sha256: 3cd1c985695d8114bdba2a4a38c87e86d633fadd7cfe7a6733ebb3fe807fdc86
  md5: b9176565976c773a0739bd83deaf06cc
  depends:
  - python >=3.10
  license: BSD-3-Clause
  license_family: BSD
  purls:
  - pkg:pypi/fsspec?source=hash-mapping
  run_exports: {}
  size: 151868
  timestamp: 1785325238671
- conda: https://conda.anaconda.org/conda-forge/noarch/jinja2-3.1.6-pyhcf101f3_1.conda
  sha256: fc9ca7348a4f25fed2079f2153ecdcf5f9cf2a0bc36c4172420ca09e1849df7b
  md5: 04558c96691bed63104678757beb4f8d
  depends:
  - markupsafe >=2.0
  - python >=3.10
  - python
  license: BSD-3-Clause
  license_family: BSD
  purls:
  - pkg:pypi/jinja2?source=hash-mapping
  run_exports: {}
  size: 120685
  timestamp: 1764517220861
- conda: https://conda.anaconda.org/conda-forge/noarch/joblib-1.5.3-pyhd8ed1ab_0.conda
  sha256: 301539229d7be6420c084490b8145583291123f0ce6b92f56be5948a2c83a379
  md5: 615de2a4d97af50c350e5cf160149e77
  depends:
  - python >=3.10
  - setuptools
  license: BSD-3-Clause
  license_family: BSD
  purls:
  - pkg:pypi/joblib?source=hash-mapping
  run_exports: {}
  size: 226448
  timestamp: 1765794135253
- conda: https://conda.anaconda.org/conda-forge/noarch/mpmath-1.4.1-pyhd8ed1ab_0.conda
  sha256: 5bbf2f8179ec43d34d67ca8e4989d216c1bdb4b749fe6cb40e86ebf88c1b5300
  md5: 2e81b32b805f406d23ba61938a184081
  depends:
  - python >=3.10
  license: BSD-3-Clause
  license_family: BSD
  purls:
  - pkg:pypi/mpmath?source=hash-mapping
  run_exports: {}
  size: 464918
  timestamp: 1773662068273
- conda: https://conda.anaconda.org/conda-forge/noarch/narwhals-2.25.0-pyhcf101f3_0.conda
  sha256: e48d972fae8e32ca43eefd1a9649afa3a82b4dda5fe12caa441f0bc9e8d1938d
  md5: 0117bf65e45c951a9b0004172cfaeef6
  depends:
  - python >=3.10
  - python
  license: MIT
  license_family: MIT
  purls:
  - pkg:pypi/narwhals?source=compressed-mapping
  run_exports: {}
  size: 293989
  timestamp: 1787261063562
- conda: https://conda.anaconda.org/conda-forge/noarch/networkx-3.6.1-pyhcf101f3_0.conda
  sha256: f6a82172afc50e54741f6f84527ef10424326611503c64e359e25a19a8e4c1c6
  md5: a2c1eeadae7a309daed9d62c96012a2b
  depends:
  - python >=3.11
  - python
  constrains:
  - numpy >=1.25
  - scipy >=1.11.2
  - matplotlib-base >=3.8
  - pandas >=2.0
  license: BSD-3-Clause
  license_family: BSD
  purls:
  - pkg:pypi/networkx?source=hash-mapping
  run_exports: {}
  size: 1587439
  timestamp: 1765215107045
- conda: https://conda.anaconda.org/conda-forge/noarch/nomkl-1.0-h5ca1d4c_0.tar.bz2
  sha256: d38542a151a90417065c1a234866f97fd1ea82a81de75ecb725955ab78f88b4b
  md5: 9a66894dfd07c4510beb6b3f9672ccc0
  constrains:
  - mkl <0.a0
  license: BSD-3-Clause
  license_family: BSD
  purls: []
  run_exports: {}
  size: 3843
  timestamp: 1582593857545
- conda: https://conda.anaconda.org/conda-forge/noarch/pybind11-2.13.6-pyhc790b64_3.conda
  sha256: d429f6f255fbe49f09b9ae1377aa8cbc4d9285b8b220c17ae2ad9c4894c91317
  md5: 1594696beebf1ecb6d29a1136f859a74
  depends:
  - pybind11-global 2.13.6 *_3
  - python >=3.9
  constrains:
  - pybind11-abi ==4
  license: BSD-3-Clause
  license_family: BSD
  purls:
  - pkg:pypi/pybind11?source=hash-mapping
  run_exports: {}
  size: 186821
  timestamp: 1747935138653
- conda: https://conda.anaconda.org/conda-forge/noarch/pybind11-abi-4-hd8ed1ab_3.tar.bz2
  sha256: d4fb485b79b11042a16dc6abfb0c44c4f557707c2653ac47c81e5d32b24a3bb0
  md5: 878f923dd6acc8aeb47a75da6c4098be
  license: BSD-3-Clause
  license_family: BSD
  purls: []
  run_exports:
    weak:
    - pybind11-abi ==4
  size: 9906
  timestamp: 1610372835205
- conda: https://conda.anaconda.org/conda-forge/noarch/pybind11-global-2.13.6-pyh217bc35_3.conda
  sha256: c044cfcbe6ef0062d0960e9f9f0de5f8818cec84ed901219ff9994b9a9e57237
  md5: 730a5284e26d6bdb73332dafb26aec82
  depends:
  - __unix
  - python >=3.9
  constrains:
  - pybind11-abi ==4
  license: BSD-3-Clause
  license_family: BSD
  purls:
  - pkg:pypi/pybind11-global?source=hash-mapping
  run_exports: {}
  size: 180116
  timestamp: 1747934418811
- conda: https://conda.anaconda.org/conda-forge/noarch/python-dateutil-2.9.0.post0-pyhe01879c_2.conda
  sha256: d6a17ece93bbd5139e02d2bd7dbfa80bee1a4261dced63f65f679121686bf664
  md5: 5b8d21249ff20967101ffa321cab24e8
  depends:
  - python >=3.9
  - six >=1.5
  - python
  license: Apache-2.0
  license_family: APACHE
  purls:
  - pkg:pypi/python-dateutil?source=hash-mapping
  run_exports: {}
  size: 233310
  timestamp: 1751104122689
- conda: https://conda.anaconda.org/conda-forge/noarch/python-tzdata-2026.3-pyhd8ed1ab_0.conda
  sha256: 3f05db78cf8be33cf6dbc469664b8e3a01f3980d61d6d6bef48669b171896d8a
  md5: eefc8d916bd2e708d76d40398ef9a1ee
  depends:
  - python >=3.10
  license: Apache-2.0
  license_family: APACHE
  purls:
  - pkg:pypi/tzdata?source=hash-mapping
  run_exports: {}
  size: 146862
  timestamp: 1783704822814
- conda: https://conda.anaconda.org/conda-forge/noarch/python_abi-3.11-8_cp311.conda
  build_number: 8
  sha256: fddf123692aa4b1fc48f0471e346400d9852d96eeed77dbfdd746fa50a8ff894
  md5: 8fcb6b0e2161850556231336dae58358
  constrains:
  - python 3.11.* *_cpython
  license: BSD-3-Clause
  license_family: BSD
  purls: []
  run_exports: {}
  size: 7003
  timestamp: 1752805919375
- conda: https://conda.anaconda.org/conda-forge/noarch/pytz-2026.3.post1-pyhcf101f3_0.conda
  sha256: ad774abda71c759baef515983bfedbba34d56d6227974c23715c04612f812a90
  md5: eb2fb9070c0232e96ae5515d8b28e4f9
  depends:
  - python >=3.10
  - python
  license: MIT
  license_family: MIT
  purls:
  - pkg:pypi/pytz?source=hash-mapping
  run_exports: {}
  size: 201126
  timestamp: 1785077087428
- conda: https://conda.anaconda.org/conda-forge/noarch/setuptools-84.0.0-pyh332efcf_0.conda
  sha256: 9e200ee5f9ff19a4d94e4b51c4856d53dec849f91032f345cf0c6bc3d51a7183
  md5: 62ac906f1cd582c6c264c95625cb9d6f
  depends:
  - python >=3.10
  license: MIT
  license_family: MIT
  purls:
  - pkg:pypi/setuptools?source=compressed-mapping
  run_exports: {}
  size: 524488
  timestamp: 1786282924579
- conda: https://conda.anaconda.org/conda-forge/noarch/six-1.17.0-pyhe01879c_1.conda
  sha256: 458227f759d5e3fcec5d9b7acce54e10c9e1f4f4b7ec978f3bfd54ce4ee9853d
  md5: 3339e3b65d58accf4ca4fb8748ab16b3
  depends:
  - python >=3.9
  - python
  license: MIT
  license_family: MIT
  purls:
  - pkg:pypi/six?source=hash-mapping
  run_exports: {}
  size: 18455
  timestamp: 1753199211006
- conda: https://conda.anaconda.org/conda-forge/noarch/sympy-1.14.0-pyh2585a3b_106.conda
  sha256: 1c8057e6875eba958aa8b3c1a072dc9a75d013f209c26fd8125a5ebd3abbec0c
  md5: 32d866e43b25275f61566b9391ccb7b5
  depends:
  - __unix
  - cpython
  - gmpy2 >=2.0.8
  - mpmath >=1.1.0,<1.5
  - python >=3.10
  license: BSD-3-Clause
  license_family: BSD
  purls:
  - pkg:pypi/sympy?source=hash-mapping
  run_exports: {}
  size: 4661767
  timestamp: 1771952371059
- conda: https://conda.anaconda.org/conda-forge/noarch/threadpoolctl-3.6.0-pyhecae5ae_0.conda
  sha256: 6016672e0e72c4cf23c0cf7b1986283bd86a9c17e8d319212d78d8e9ae42fdfd
  md5: 9d64911b31d57ca443e9f1e36b04385f
  depends:
  - python >=3.9
  license: BSD-3-Clause
  license_family: BSD
  purls:
  - pkg:pypi/threadpoolctl?source=hash-mapping
  run_exports: {}
  size: 23869
  timestamp: 1741878358548
- conda: https://conda.anaconda.org/conda-forge/noarch/tqdm-4.70.0-pyh8f84b5b_0.conda
  sha256: a4d9e9da15b13f1ab047e7db412e2ed564bc615832e80213cf129b973c3abf4a
  md5: 00953c3b729e03b0ae21f49fdf3441bb
  depends:
  - python >=3.10
  - __unix
  - python
  constrains:
  - envwrap >=0.2
  - ipywidgets >=6.0
  license: MPL-2.0 and MIT
  purls:
  - pkg:pypi/tqdm?source=hash-mapping
  run_exports: {}
  size: 98184
  timestamp: 1785172528905
- conda: https://conda.anaconda.org/conda-forge/noarch/typing-extensions-4.16.0-h69aa097_0.conda
  sha256: b141933ece3518f6d7b75dfb59451e2f26b405a44c18e2518a83e9a02e09315c
  md5: c680b5747e8c4c8f23dca0bb7042a8fc
  depends:
  - typing_extensions ==4.16.0 pyhcf101f3_0
  license: PSF-2.0
  license_family: PSF
  purls: []
  run_exports: {}
  size: 94080
  timestamp: 1783002732887
- conda: https://conda.anaconda.org/conda-forge/noarch/typing_extensions-4.16.0-pyhcf101f3_0.conda
  sha256: 2d888f90af0686044882c74193ec80a90ec1943145d94a7b1b048958acda1848
  md5: c70ad746c22219b9700931707482992c
  depends:
  - python >=3.10
  - python
  license: PSF-2.0
  license_family: PSF
  purls:
  - pkg:pypi/typing-extensions?source=hash-mapping
  run_exports: {}
  size: 52631
  timestamp: 1783002732887
- conda: https://conda.anaconda.org/conda-forge/noarch/tzdata-2026c-h151e31d_0.conda
  sha256: b928c30ddcb0e3f544c6eade8352737e6e610e263276b90232db6a578ef899d8
  md5: fcb489df604d100968b737f2cb6076c6
  license: LicenseRef-Public-Domain
  purls: []
  run_exports: {}
  size: 118849
  timestamp: 1784250406640
- conda: https://conda.anaconda.org/conda-forge/osx-arm64/_openmp_mutex-4.5-7_kmp_llvm.conda
  build_number: 7
  sha256: 7acaa2e0782cad032bdaf756b536874346ac1375745fb250e9bdd6a48a7ab3cd
  md5: a44032f282e7d2acdeb1c240308052dd
  depends:
  - llvm-openmp >=9.0.1
  license: BSD-3-Clause
  license_family: BSD
  purls: []
  run_exports:
    weak:
    - _openmp_mutex >=4.5
  size: 8325
  timestamp: 1764092507920
- conda: https://conda.anaconda.org/conda-forge/osx-arm64/bzip2-1.0.8-h4e30115_10.conda
  sha256: 8ec22f0ba25cbfc2e64d70cf29459eccd7ffdf6436f6a6ff15bbfef799f7d4f6
  md5: b50612e7d190b8061ab4e7dc119cf4d5
  depends:
  - __osx >=11.0
  license: bzip2-1.0.6
  license_family: BSD
  purls: []
  run_exports:
    weak:
    - bzip2 >=1.0.8,<2.0a0
  size: 124965
  timestamp: 1785906749812
- conda: https://conda.anaconda.org/conda-forge/osx-arm64/gmp-6.3.0-hf5e55b1_3.conda
  sha256: 980cb1bbc3656d6f923d44297a2c4ab75f20482b8930c70537fd7f1ef2378894
  md5: bbfa5bd261b68536ddcda39e03d3407f
  depends:
  - libcxx >=19
  - __osx >=11.0
  license: GPL-2.0-or-later OR LGPL-3.0-or-later
  purls: []
  run_exports:
    weak:
    - gmp >=6.3.0,<7.0a0
  size: 399307
  timestamp: 1786629210135
- conda: https://conda.anaconda.org/conda-forge/osx-arm64/gmpy2-2.3.1-py311h10c933f_0.conda
  sha256: ce5dfadaaac61888873cd4d07b0ce9c6174bcdb340f7304c56d82efea8522adf
  md5: 672fcc4a222906955b589c7cf228f556
  depends:
  - python
  - __osx >=11.0
  - mpc >=1.4.0,<2.0a0
  - mpfr >=4.2.2,<5.0a0
  - python_abi 3.11.* *_cp311
  - gmp >=6.3.0,<7.0a0
  license: LGPL-3.0-or-later
  license_family: LGPL
  purls:
  - pkg:pypi/gmpy2?source=hash-mapping
  run_exports: {}
  size: 252728
  timestamp: 1787066456562
- conda: https://conda.anaconda.org/conda-forge/osx-arm64/icu-78.3-py310h579977c_2.conda
  sha256: 6cdb5dee54c72e56ab189fb3ad33cb28533553d42590e7e831160248f4416a43
  md5: a5efc0b42bb8b42e97d0a29ae3e3c187
  depends:
  - __osx >=11.0
  license: MIT
  license_family: MIT
  purls: []
  run_exports:
    weak:
    - icu >=78.3,<79.0a0
  size: 14070242
  timestamp: 1786545847761
- conda: https://conda.anaconda.org/conda-forge/osx-arm64/libabseil-20250512.1-cxx17_hd41c47c_0.conda
  sha256: 7f0ee9ae7fa2cf7ac92b0acf8047c8bac965389e48be61bf1d463e057af2ea6a
  md5: 360dbb413ee2c170a0a684a33c4fc6b8
  depends:
  - __osx >=11.0
  - libcxx >=18
  constrains:
  - libabseil-static =20250512.1=cxx17*
  - abseil-cpp =20250512.1
  license: Apache-2.0
  license_family: Apache
  purls: []
  run_exports:
    weak:
    - libabseil >=20250512.1,<20250513.0a0
    - libabseil =*=cxx17*
  size: 1174081
  timestamp: 1750194620012
- conda: https://conda.anaconda.org/conda-forge/osx-arm64/libblas-3.11.0-9_h51639a9_openblas.conda
  build_number: 9
  sha256: 0437866fe43b4c911470d3e7ddea18d78390bd7062d9563ce6d38c8ba5798405
  md5: cb1f85be9d88af453fcda3dfba995099
  depends:
  - libopenblas >=0.3.34,<0.3.35.0a0
  - libopenblas >=0.3.34,<1.0a0
  constrains:
  - blas 2.309   openblas
  - libcblas   3.11.0   9*_openblas
  - liblapack  3.11.0   9*_openblas
  - liblapacke 3.11.0   9*_openblas
  - mkl <2027
  license: BSD-3-Clause
  license_family: BSD
  purls: []
  run_exports:
    weak:
    - libblas >=3.11.0,<4.0a0
  size: 18162
  timestamp: 1786058887392
- conda: https://conda.anaconda.org/conda-forge/osx-arm64/libcblas-3.11.0-9_hb0561ab_openblas.conda
  build_number: 9
  sha256: c4c71f20fdb20c86bf6f61c8c31bb349e4055bb4d19928e8580bb5615039cb4b
  md5: a7b6ba94e3ca58bc7d4e1ae4ff95c215
  depends:
  - libblas 3.11.0 9_h51639a9_openblas
  constrains:
  - blas 2.309   openblas
  - liblapack  3.11.0   9*_openblas
  - liblapacke 3.11.0   9*_openblas
  license: BSD-3-Clause
  license_family: BSD
  purls: []
  run_exports:
    weak:
    - libcblas >=3.11.0,<4.0a0
  size: 18110
  timestamp: 1786058893756
- conda: https://conda.anaconda.org/conda-forge/osx-arm64/libcxx-23.1.0-h55c6f16_0.conda
  sha256: d3e5f0b767964af25ef81edffc002f8e822b1a5c55330da1ae3a857f70c4e4ee
  md5: 5303ba06fab927399ed8dfb3227b0af8
  depends:
  - __osx >=11.0
  license: Apache-2.0 WITH LLVM-exception
  license_family: Apache
  purls: []
  run_exports: {}
  size: 575940
  timestamp: 1787698697875
- conda: https://conda.anaconda.org/conda-forge/osx-arm64/libexpat-2.8.1-hf6b4638_1.conda
  sha256: 5af74261101e3c777399c6294b2b5d290e508153268eb2e9ff99c4d69834612f
  md5: a915151d5d3c5bf039f5ccc8402a436f
  depends:
  - __osx >=11.0
  constrains:
  - expat 2.8.1.*
  license: MIT
  license_family: MIT
  purls: []
  run_exports: {}
  size: 69362
  timestamp: 1781203631990
- conda: https://conda.anaconda.org/conda-forge/osx-arm64/libffi-3.7.0-hcf2aa1b_0.conda
  sha256: 2c6ac9a6cd65af89b2bd448518bb1e13b44a2e48c0d469398e37bcfc0092e832
  md5: 92e8690d170d46d768c32553458c0105
  depends:
  - __osx >=11.0
  license: MIT
  license_family: MIT
  purls: []
  run_exports:
    weak:
    - libffi >=3.7.0,<3.8.0a0
  size: 43734
  timestamp: 1783521647536
- conda: https://conda.anaconda.org/conda-forge/osx-arm64/libgcc-16.2.0-h3cf6597_4.conda
  sha256: 00b8d07ea98344c72c6e332a09b8060f4176849d5fd0eb78dd5b30176ad97ca4
  md5: 408af8d9d5226ff45ff04756ff1aa91e
  depends:
  - _openmp_mutex
  constrains:
  - libgcc-ng ==16.2.0=*_4
  - libgomp 16.2.0 4
  license: GPL-3.0-only WITH GCC-exception-3.1
  purls: []
  run_exports: {}
  size: 365758
  timestamp: 1787617459249
- conda: https://conda.anaconda.org/conda-forge/osx-arm64/libgfortran-16.2.0-h07b0088_4.conda
  sha256: 7582efbbffc6964093afd80e01c2ac60d89aa4e404cac664544675b9d4d1c5e7
  md5: aa6c627acd0f5709d9c79bf708a7b81b
  depends:
  - libgfortran5 16.2.0 hdb7a957_4
  constrains:
  - libgfortran-ng ==16.2.0=*_4
  license: GPL-3.0-only WITH GCC-exception-3.1
  purls: []
  run_exports: {}
  size: 99624
  timestamp: 1787617544212
- conda: https://conda.anaconda.org/conda-forge/osx-arm64/libgfortran5-16.2.0-hdb7a957_4.conda
  sha256: 902719c38c7a390d305435a362dc83893754c3f933569a38347c434cd1c12540
  md5: d54390644d893d50e739b19145aae45f
  depends:
  - libgcc >=16.2.0
  constrains:
  - libgfortran 16.2.0
  license: GPL-3.0-only WITH GCC-exception-3.1
  purls: []
  run_exports: {}
  size: 554806
  timestamp: 1787617465010
- conda: https://conda.anaconda.org/conda-forge/osx-arm64/liblapack-3.11.0-9_hd9741b5_openblas.conda
  build_number: 9
  sha256: db09e8e6a58415da1d866221cf518e53e84c6766a4500faae716cfa204f696ff
  md5: ecc87ca1e25bd94a08c82904eb4e6846
  depends:
  - libblas 3.11.0 9_h51639a9_openblas
  constrains:
  - blas 2.309   openblas
  - libcblas   3.11.0   9*_openblas
  - liblapacke 3.11.0   9*_openblas
  license: BSD-3-Clause
  license_family: BSD
  purls: []
  run_exports:
    weak:
    - liblapack >=3.11.0,<3.12.0a0
  size: 18144
  timestamp: 1786058899889
- conda: https://conda.anaconda.org/conda-forge/osx-arm64/liblzma-5.8.3-h8088a28_1.conda
  sha256: 23d0630046a3e8b164d8f80f2b74ed2605af2e7050ab9913018056402fae4311
  md5: 8ab10323068b107661a4b9a4af84f3b5
  depends:
  - __osx >=11.0
  constrains:
  - xz 5.8.3.*
  license: 0BSD
  purls: []
  run_exports:
    weak:
    - liblzma >=5.8.3,<6.0a0
  size: 91720
  timestamp: 1786348695846
- conda: https://conda.anaconda.org/conda-forge/osx-arm64/libopenblas-0.3.34-openmp_he657e61_0.conda
  sha256: bcf1967f12f1b1cc769dcc77b255fb1b27aaceb2f185450e9596d137bc6ede76
  md5: 89d28fb841cf16211318524fa985e384
  depends:
  - __osx >=11.0
  - libgfortran
  - libgfortran5 >=14.3.0
  - llvm-openmp >=19.1.7
  constrains:
  - openblas >=0.3.34,<0.3.35.0a0
  license: BSD-3-Clause
  license_family: BSD
  purls: []
  run_exports:
    weak:
    - libopenblas >=0.3.34,<1.0a0
  size: 4318474
  timestamp: 1784288246205
- conda: https://conda.anaconda.org/conda-forge/osx-arm64/libprotobuf-6.31.1-h29102cf_5.conda
  sha256: c1998dd33ae1229bec55c40a01cdf88bc5839cab2549f9ba21ea84472bba3242
  md5: 9f05750adae48f79259ee79aa4b02e52
  depends:
  - __osx >=11.0
  - libabseil * cxx17*
  - libabseil >=20250512.1,<20250513.0a0
  - libcxx >=19
  - libzlib >=1.3.2,<2.0a0
  license: BSD-3-Clause
  license_family: BSD
  purls: []
  run_exports:
    weak:
    - libprotobuf >=6.31.1,<6.31.2.0a0
  size: 3430992
  timestamp: 1780004171922
- conda: https://conda.anaconda.org/conda-forge/osx-arm64/libsqlite-3.53.4-hca69786_1.conda
  sha256: 839b31d4830e896b4d315b551d27f2bb08026bc946df04bcc360d8627c3ba2cd
  md5: fde96d40ebe9a9cb34e4122380189ddb
  depends:
  - __osx >=11.0
  - icu >=78.3,<79.0a0
  - libzlib >=1.3.2,<2.0a0
  license: blessing
  purls: []
  run_exports:
    weak:
    - libsqlite >=3.53.4,<4.0a0
  size: 942754
  timestamp: 1787051243846
- conda: https://conda.anaconda.org/conda-forge/osx-arm64/libtorch-2.8.0-cpu_generic_h0fc8bc6_2.conda
  sha256: 0ed7d6b9b8c235bf2fceaf2385b9b9974fe1d617b359e1ae3e0356eb5451f746
  md5: a3dd2052b8590e147aff10f69bd4bb6c
  depends:
  - __osx >=11.0
  - libabseil * cxx17*
  - libabseil >=20250512.1,<20250513.0a0
  - libblas >=3.9.0,<4.0a0
  - libcblas >=3.9.0,<4.0a0
  - libcxx >=19
  - liblapack >=3.9.0,<4.0a0
  - libprotobuf >=6.31.1,<6.31.2.0a0
  - libuv >=1.51.0,<2.0a0
  - libzlib >=1.3.1,<2.0a0
  - llvm-openmp >=19.1.7
  - numpy >=1.23,<3
  - pybind11-abi 4
  - python >=3.11,<3.12.0a0 *_cpython
  - python_abi 3.11.* *_cp311
  - sleef >=3.9.0,<4.0a0
  constrains:
  - pytorch 2.8.0 cpu_generic_*_2
  - openblas * openmp_*
  - pytorch-gpu <0.0a0
  - pytorch-cpu 2.8.0
  - libopenblas * openmp_*
  license: BSD-3-Clause
  license_family: BSD
  purls: []
  run_exports:
    weak:
    - libtorch >=2.8.0,<2.9.0a0
  size: 29854869
  timestamp: 1762100452297
- conda: https://conda.anaconda.org/conda-forge/osx-arm64/libuv-1.52.1-h1a92334_1.conda
  sha256: 4f47de9de1990efd998edbbd6793f89c8f02ffde987ae8120b1c006acefd2a04
  md5: de09bd0f175611e94f21b28f8c708e80
  depends:
  - __osx >=11.0
  license: MIT
  license_family: MIT
  purls: []
  run_exports:
    weak:
    - libuv >=1.52.1,<2.0a0
  size: 122729
  timestamp: 1785914645797
- conda: https://conda.anaconda.org/conda-forge/osx-arm64/libzlib-1.3.2-h8088a28_3.conda
  sha256: a18fa5d5bac452401459f966cf0d872224e8080c4ff93c77e168d43ab42ef9d7
  md5: f39288f0ea63ae962e1a2e4f355a0d75
  depends:
  - __osx >=11.0
  constrains:
  - zlib 1.3.2 *_3
  license: Zlib
  license_family: Other
  purls: []
  run_exports:
    weak:
    - libzlib >=1.3.2,<2.0a0
  size: 47822
  timestamp: 1785277049190
- conda: https://conda.anaconda.org/conda-forge/osx-arm64/llvm-openmp-23.1.0-hdb3d66b_0.conda
  sha256: 996d3a9de61c8ccc3fcb265938f9845f11868251f38e6db4e7190de3f9a971a2
  md5: 0affff5130a421d11d4d77ffbb00dad7
  depends:
  - __osx >=11.0
  constrains:
  - intel-openmp <0.0a0
  - openmp 23.1.0|23.1.0.*
  license: Apache-2.0 WITH LLVM-exception
  purls: []
  run_exports:
    strong:
    - llvm-openmp >=23.1.0
  size: 287808
  timestamp: 1787723323710
- conda: https://conda.anaconda.org/conda-forge/osx-arm64/markupsafe-3.0.3-py311hc290fe0_1.conda
  sha256: d635f2b1d9e19e8e68c5d33150f7e4f62df08ef2ef0e85977f743e81939afc01
  md5: ff068874356bbc7f9bd2d793f809f44b
  depends:
  - __osx >=11.0
  - python >=3.11,<3.12.0a0
  - python >=3.11,<3.12.0a0 *_cpython
  - python_abi 3.11.* *_cp311
  constrains:
  - jinja2 >=3.0.0
  license: BSD-3-Clause
  license_family: BSD
  purls:
  - pkg:pypi/markupsafe?source=hash-mapping
  run_exports: {}
  size: 26511
  timestamp: 1772445369187
- conda: https://conda.anaconda.org/conda-forge/osx-arm64/mpc-1.4.0-h071a35a_1.conda
  sha256: 6238c857d6b6e575bcf26c79367f2faa22573a79ca67ee7f69694634fd865f5e
  md5: 9d932443c0f21214dfa9821dc18881e1
  depends:
  - __osx >=11.0
  - gmp >=6.3.0,<7.0a0
  - mpfr >=4.2.2,<5.0a0
  license: LGPL-3.0-or-later
  purls: []
  run_exports:
    weak:
    - mpc >=1.4.0,<2.0a0
  size: 85436
  timestamp: 1787668129803
- conda: https://conda.anaconda.org/conda-forge/osx-arm64/mpfr-4.2.2-h72846b0_1.conda
  sha256: 6a86fe9c09d708d71508c601dec53fb7a4fbfb23e6f57a590ef832afdca738c4
  md5: 6c990c07502330c3876dfc67d7bb6917
  depends:
  - __osx >=11.0
  - gmp >=6.3.0,<7.0a0
  license: LGPL-3.0-only
  license_family: LGPL
  purls: []
  run_exports:
    weak:
    - mpfr >=4.2.2,<5.0a0
  size: 350536
  timestamp: 1787236978744
- conda: https://conda.anaconda.org/conda-forge/osx-arm64/ncurses-6.6-he64c551_1.conda
  sha256: 7024a48c8c0d0114ed4ab53c76bf9275d50e91ba7cea367a9aead638d3c29c68
  md5: 3dfa0d0316dc246cd44937a557de4501
  depends:
  - __osx >=11.0
  license: X11 AND BSD-3-Clause
  purls: []
  run_exports:
    weak:
    - ncurses >=6.6,<7.0a0
  size: 804298
  timestamp: 1786355189145
- conda: https://conda.anaconda.org/conda-forge/osx-arm64/numpy-1.26.4-py311h7125741_0.conda
  sha256: 160a52a01fea44fe9753a2ed22cf13d7b55c8a89ea0b8738546fdbf4795d6514
  md5: 3160b93669a0def35a7a8158ebb33816
  depends:
  - libblas >=3.9.0,<4.0a0
  - libcblas >=3.9.0,<4.0a0
  - libcxx >=16
  - liblapack >=3.9.0,<4.0a0
  - python >=3.11,<3.12.0a0
  - python >=3.11,<3.12.0a0 *_cpython
  - python_abi 3.11.* *_cp311
  constrains:
  - numpy-base <0a0
  license: BSD-3-Clause
  license_family: BSD
  purls:
  - pkg:pypi/numpy?source=hash-mapping
  run_exports:
    weak:
    - numpy >=1.26.4,<2.0a0
  size: 6652352
  timestamp: 1707226297967
- conda: https://conda.anaconda.org/conda-forge/osx-arm64/openssl-3.6.4-h55eecbc_0.conda
  sha256: f23239eacd75c4c50705e68fae1aa3292da473e6a3a4abe2330f1e6afa680704
  md5: ae71ab40048c19a389a7dcccb86c2481
  depends:
  - __osx >=11.0
  - ca-certificates
  license: Apache-2.0
  license_family: Apache
  purls: []
  run_exports:
    weak:
    - openssl >=3.6.4,<4.0a0
  size: 3110142
  timestamp: 1787698648639
- conda: https://conda.anaconda.org/conda-forge/osx-arm64/optree-0.20.0-py311h8a04803_0.conda
  sha256: a8b2b4e529465dc59c4de831b2452fbce89c3af62eed5e2ec179d73dfad4cf06
  md5: f9bf561d64fcc0b06290290b57524eaa
  depends:
  - __osx >=11.0
  - libcxx >=21
  - python >=3.11,<3.12.0a0
  - python >=3.11,<3.12.0a0 *_cpython
  - python_abi 3.11.* *_cp311
  - typing-extensions >=4.10
  license: Apache-2.0
  license_family: Apache
  purls:
  - pkg:pypi/optree?source=hash-mapping
  run_exports: {}
  size: 491666
  timestamp: 1787285680931
- conda: https://conda.anaconda.org/conda-forge/osx-arm64/pandas-2.3.3-py311hdb8e4fa_2.conda
  sha256: dd0c4ade846921acbf6ded79b7589e72f58689129dabc8290deec455539e9235
  md5: da2e5c7c0a3061398c8a1e225f2e339e
  depends:
  - __osx >=11.0
  - libcxx >=19
  - numpy >=1.22.4
  - numpy >=1.23,<3
  - python >=3.11,<3.12.0a0
  - python >=3.11,<3.12.0a0 *_cpython
  - python-dateutil >=2.8.2
  - python-tzdata >=2022.7
  - python_abi 3.11.* *_cp311
  - pytz >=2020.1
  constrains:
  - sqlalchemy >=2.0.0
  - xarray >=2022.12.0
  - bottleneck >=1.3.6
  - tzdata >=2022.7
  - pyarrow >=10.0.1
  - lxml >=4.9.2
  - tabulate >=0.9.0
  - matplotlib >=3.6.3
  - qtpy >=2.3.0
  - pytables >=3.8.0
  - odfpy >=1.4.1
  - html5lib >=1.1
  - openpyxl >=3.1.0
  - psycopg2 >=2.9.6
  - numba >=0.56.4
  - s3fs >=2022.11.0
  - fastparquet >=2022.12.0
  - gcsfs >=2022.11.0
  - python-calamine >=0.1.7
  - fsspec >=2022.11.0
  - pandas-gbq >=0.19.0
  - beautifulsoup4 >=4.11.2
  - xlsxwriter >=3.0.5
  - numexpr >=2.8.4
  - pyxlsb >=1.0.10
  - pyreadstat >=1.2.0
  - xlrd >=2.0.1
  - blosc >=1.21.3
  - zstandard >=0.19.0
  - pyqt5 >=5.15.9
  - scipy >=1.10.0
  license: BSD-3-Clause
  license_family: BSD
  purls:
  - pkg:pypi/pandas?source=hash-mapping
  run_exports: {}
  size: 14124254
  timestamp: 1764615503256
- conda: https://conda.anaconda.org/conda-forge/osx-arm64/python-3.11.16-hd1323d7_0_cpython.conda
  sha256: 87566907b4368c87df8ed05efef794c8d0fbdeca87c68b9e9df19b70ca880946
  md5: ddd6dcb07ddcf7b690bd565cee9c209b
  depends:
  - __osx >=11.0
  - bzip2 >=1.0.8,<2.0a0
  - libexpat >=2.8.1,<3.0a0
  - libffi >=3.7.0,<3.8.0a0
  - liblzma >=5.8.3,<6.0a0
  - libsqlite >=3.53.4,<4.0a0
  - libzlib >=1.3.2,<2.0a0
  - ncurses >=6.6,<7.0a0
  - openssl >=3.5.7,<4.0a0
  - readline >=8.3,<9.0a0
  - tk >=8.6.13,<8.7.0a0
  - tzdata
  constrains:
  - python_abi 3.11.* *_cp311
  license: Python-2.0
  purls: []
  run_exports:
    weak:
    - python_abi 3.11.* *_cp311
    noarch:
    - python
  size: 15414038
  timestamp: 1787352230356
- conda: https://conda.anaconda.org/conda-forge/osx-arm64/pytorch-2.8.0-cpu_generic_py311_hf0c13c8_2.conda
  sha256: 9d077dfc8c0156dae5e45f1397108499eec8c485a93a010faa51251737780ee8
  md5: 7720cce29784891551d24a3c82087f19
  depends:
  - __osx >=11.0
  - filelock
  - fsspec
  - jinja2
  - libabseil * cxx17*
  - libabseil >=20250512.1,<20250513.0a0
  - libcblas >=3.9.0,<4.0a0
  - libcxx >=19
  - liblapack >=3.9.0,<4.0a0
  - libprotobuf >=6.31.1,<6.31.2.0a0
  - libtorch 2.8.0.* *_2
  - libuv >=1.51.0,<2.0a0
  - libzlib >=1.3.1,<2.0a0
  - llvm-openmp >=19.1.7
  - networkx
  - nomkl
  - numpy >=1.23,<3
  - optree >=0.13.0
  - pybind11
  - pybind11-abi 4
  - python >=3.11,<3.12.0a0
  - python >=3.11,<3.12.0a0 *_cpython
  - python_abi 3.11.* *_cp311
  - setuptools
  - sleef >=3.9.0,<4.0a0
  - sympy >=1.13.3
  - typing_extensions >=4.10.0
  constrains:
  - pytorch-cpu 2.8.0
  - pytorch-gpu <0.0a0
  license: BSD-3-Clause
  license_family: BSD
  purls:
  - pkg:pypi/torch?source=hash-mapping
  run_exports:
    weak:
    - pytorch >=2.8.0,<2.9.0a0
    - libtorch >=2.8.0,<2.9.0a0
  size: 23676727
  timestamp: 1762101186554
- conda: https://conda.anaconda.org/conda-forge/osx-arm64/pyyaml-6.0.3-py311hc290fe0_1.conda
  sha256: 984e73d7957460689e10533059de8adb38a308853d298900a37acc58edd84cec
  md5: e4b908da7cd496b3fa6798c0f60a2a19
  depends:
  - __osx >=11.0
  - python >=3.11,<3.12.0a0
  - python >=3.11,<3.12.0a0 *_cpython
  - python_abi 3.11.* *_cp311
  - yaml >=0.2.5,<0.3.0a0
  license: MIT
  license_family: MIT
  purls:
  - pkg:pypi/pyyaml?source=hash-mapping
  run_exports: {}
  size: 192948
  timestamp: 1770223655988
- conda: https://conda.anaconda.org/conda-forge/osx-arm64/readline-8.3-h8b90a29_1.conda
  sha256: d6782b430e6dce4fe8c7ac118cd988d5a193eb4a7f60741edfaede58016b6110
  md5: 9347fd56a002e6b58946831d48fe62f6
  depends:
  - __osx >=11.0
  - ncurses >=6.6,<7.0a0
  license: GPL-3.0-only
  license_family: GPL
  purls: []
  run_exports:
    weak:
    - readline >=8.3,<9.0a0
  size: 314395
  timestamp: 1787033878899
- conda: https://conda.anaconda.org/conda-forge/osx-arm64/scikit-learn-1.9.0-np2py311hf1dd2ad_0.conda
  sha256: 65772371eb10e008576d22a52982517153958e08c2cb64971bbd6e499ee65498
  md5: f4c90a74c14bbbb86e1ae8f8526d75f8
  depends:
  - python
  - numpy >=1.24.1
  - scipy >=1.10.0
  - joblib >=1.4.0
  - threadpoolctl >=3.5.0
  - narwhals >=2.0.1
  - llvm-openmp >=19.1.7
  - libcxx >=19
  - __osx >=11.0
  - python 3.11.* *_cpython
  - python_abi 3.11.* *_cp311
  - numpy >=1.23,<3
  license: BSD-3-Clause
  license_family: BSD
  purls:
  - pkg:pypi/scikit-learn?source=hash-mapping
  run_exports: {}
  size: 9668485
  timestamp: 1780401272693
- conda: https://conda.anaconda.org/conda-forge/osx-arm64/scipy-1.17.1-py311h9a58382_1.conda
  sha256: b45f87414da242a9e40eb934e89513a856e6236d681611c2c9a21d074b03ef5a
  md5: 15f96f91b13cbefddbf998368d06adef
  depends:
  - __osx >=11.0
  - libblas >=3.9.0,<4.0a0
  - libcblas >=3.9.0,<4.0a0
  - libcxx >=19
  - libgfortran
  - libgfortran5 >=14.3.0
  - liblapack >=3.9.0,<4.0a0
  - numpy <2.7
  - numpy >=1.23,<3
  - numpy >=1.25.2
  - python >=3.11,<3.12.0a0
  - python_abi 3.11.* *_cp311
  license: BSD-3-Clause
  license_family: BSD
  purls:
  - pkg:pypi/scipy?source=hash-mapping
  run_exports: {}
  size: 13954661
  timestamp: 1779874558902
- conda: https://conda.anaconda.org/conda-forge/osx-arm64/sleef-3.9.0-hb028509_0.conda
  sha256: 799d0578369e67b6d0d6ecdacada411c259629fc4a500b99703c5e85d0a68686
  md5: 68f833178f171cfffdd18854c0e9b7f9
  depends:
  - __osx >=11.0
  - libcxx >=19
  - llvm-openmp >=19.1.7
  license: BSL-1.0
  purls: []
  run_exports:
    weak:
    - sleef >=3.9.0,<4.0a0
  size: 587027
  timestamp: 1756274982526
- conda: https://conda.anaconda.org/conda-forge/osx-arm64/tk-8.6.13-hbeba79b_4.conda
  sha256: 857d89087ae7f2c328cf256728affcb7343031a148b4af847334d248a9cf564c
  md5: 90a01bf394d1c594e0eb9258f967d828
  depends:
  - __osx >=11.0
  - libzlib >=1.3.2,<2.0a0
  license: TCL
  purls: []
  run_exports:
    weak:
    - tk >=8.6.13,<8.7.0a0
  size: 3342183
  timestamp: 1787272852357
- conda: https://conda.anaconda.org/conda-forge/osx-arm64/yaml-0.2.5-h74c22ad_3.conda
  sha256: 3e78c43207502418fc5fb2317bbbefe5df8b6fc1051d90bdcd1c881c76bb4193
  md5: 31cf6dcc138abe673c9440cd6fe6c6fe
  depends:
  - __osx >=11.0
  license: MIT
  license_family: MIT
  purls: []
  run_exports:
    weak:
    - yaml >=0.2.5,<0.3.0a0
  size: 77530
  timestamp: 1787228556857
